// !$*UTF8*$!
{
	archiveVersion = 1;
	classes = {
	};
	objectVersion = 77;
	objects = {

/* Begin PBXBuildFile section */
		3B00F8F12F47A7A700A910EB /* AppDelegate.swift in Sources */ = {isa = PBXBuildFile; fileRef = 3B00F8F02F47A7A700A910EB /* AppDelegate.swift */; };
		3B00F8F52F47A7A700A910EB /* Main.html in Resources */ = {isa = PBXBuildFile; fileRef = 3B00F8F32F47A7A700A910EB /* Main.html */; };
		3B00F8F72F47A7A700A910EB /* Icon.png in Resources */ = {isa = PBXBuildFile; fileRef = 3B00F8F62F47A7A700A910EB /* Icon.png */; };
		3B00F8F92F47A7A700A910EB /* Style.css in Resources */ = {isa = PBXBuildFile; fileRef = 3B00F8F82F47A7A700A910EB /* Style.css */; };
		3B00F8FB2F47A7A700A910EB /* Script.js in Resources */ = {isa = PBXBuildFile; fileRef = 3B00F8FA2F47A7A700A910EB /* Script.js */; };
		3B00F8FD2F47A7A700A910EB /* ViewController.swift in Sources */ = {isa = PBXBuildFile; fileRef = 3B00F8FC2F47A7A700A910EB /* ViewController.swift */; };
		3B00F9002F47A7A700A910EB /* Main.storyboard in Resources */ = {isa = PBXBuildFile; fileRef = 3B00F8FE2F47A7A700A910EB /* Main.storyboard */; };
		3B00F9022F47A7A800A910EB /* Assets.xcassets in Resources */ = {isa = PBXBuildFile; fileRef = 3B00F9012F47A7A800A910EB /* Assets.xcassets */; };
		3B00F9092F47A7A800A910EB /* Epstein Records Indicator Safari Extension.appex in Embed Foundation Extensions */ = {isa = PBXBuildFile; fileRef = 3B00F9082F47A7A800A910EB /* Epstein Records Indicator Safari Extension.appex */; settings = {ATTRIBUTES = (RemoveHeadersOnCopy, ); }; };
		3B00F90E2F47A7A800A910EB /* SafariWebExtensionHandler.swift in Sources */ = {isa = PBXBuildFile; fileRef = 3B00F90D2F47A7A800A910EB /* SafariWebExtensionHandler.swift */; };
		3B00F91E2F47A7A900A910EB /* popup.html in Resources */ = {isa = PBXBuildFile; fileRef = 3B00F91A2F47A7A900A910EB /* popup.html */; };
		3B00F91F2F47A7A900A910EB /* manifest.json in Resources */ = {isa = PBXBuildFile; fileRef = 3B00F91B2F47A7A900A910EB /* manifest.json */; };
		3B00F9202F47A7A900A910EB /* content.js in Resources */ = {isa = PBXBuildFile; fileRef = 3B00F91C2F47A7A900A910EB /* content.js */; };
		3B00F9212F47A7A900A910EB /* data in Resources */ = {isa = PBXBuildFile; fileRef = 3B00F91D2F47A7A900A910EB /* data */; };
/* End PBXBuildFile section */

/* Begin PBXContainerItemProxy section */
		3B00F90A2F47A7A800A910EB /* PBXContainerItemProxy */ = {
			isa = PBXContainerItemProxy;
			containerPortal = 3B00F8E52F47A7A700A910EB /* Project object */;
			proxyType = 1;
			remoteGlobalIDString = 3B00F9072F47A7A800A910EB;
			remoteInfo = "Epstein Records Indicator Safari Extension";
		};
/* End PBXContainerItemProxy section */

/* Begin PBXCopyFilesBuildPhase section */
		3B00F9152F47A7A800A910EB /* Embed Foundation Extensions */ = {
			isa = PBXCopyFilesBuildPhase;
			buildActionMask = 2147483647;
			dstPath = "";
			dstSubfolderSpec = 13;
			files = (
				3B00F9092F47A7A800A910EB /* Epstein Records Indicator Safari Extension.appex in Embed Foundation Extensions */,
			);
			name = "Embed Foundation Extensions";
			runOnlyForDeploymentPostprocessing = 0;
		};
/* End PBXCopyFilesBuildPhase section */

/* Begin PBXFileReference section */
		3B00F8ED2F47A7A700A910EB /* Epstein Records Indicator Safari.app */ = {isa = PBXFileReference; explicitFileType = wrapper.application; includeInIndex = 0; path = "Epstein Records Indicator Safari.app"; sourceTree = BUILT_PRODUCTS_DIR; };
		3B00F8F02F47A7A700A910EB /* AppDelegate.swift */ = {isa = PBXFileReference; lastKnownFileType = sourcecode.swift; path = AppDelegate.swift; sourceTree = "<group>"; };
		3B00F8F42F47A7A700A910EB /* Base */ = {isa = PBXFileReference; lastKnownFileType = text.html; name = Base; path = Base.lproj/Main.html; sourceTree = "<group>"; };
		3B00F8F62F47A7A700A910EB /* Icon.png */ = {isa = PBXFileReference; lastKnownFileType = image.png; path = Icon.png; sourceTree = "<group>"; };
		3B00F8F82F47A7A700A910EB /* Style.css */ = {isa = PBXFileReference; lastKnownFileType = text.css; path = Style.css; sourceTree = "<group>"; };
		3B00F8FA2F47A7A700A910EB /* Script.js */ = {isa = PBXFileReference; lastKnownFileType = sourcecode.javascript; path = Script.js; sourceTree = "<group>"; };
		3B00F8FC2F47A7A700A910EB /* ViewController.swift */ = {isa = PBXFileReference; lastKnownFileType = sourcecode.swift; path = ViewController.swift; sourceTree = "<group>"; };
		3B00F8FF2F47A7A700A910EB /* Base */ = {isa = PBXFileReference; lastKnownFileType = file.storyboard; name = Base; path = Base.lproj/Main.storyboard; sourceTree = "<group>"; };
		3B00F9012F47A7A800A910EB /* Assets.xcassets */ = {isa = PBXFileReference; lastKnownFileType = folder.assetcatalog; path = Assets.xcassets; sourceTree = "<group>"; };
		3B00F9032F47A7A800A910EB /* Info.plist */ = {isa = PBXFileReference; lastKnownFileType = text.plist.xml; path = Info.plist; sourceTree = "<group>"; };
		3B00F9082F47A7A800A910EB /* Epstein Records Indicator Safari Extension.appex */ = {isa = PBXFileReference; explicitFileType = "wrapper.app-extension"; includeInIndex = 0; path = "Epstein Records Indicator Safari Extension.appex"; sourceTree = BUILT_PRODUCTS_DIR; };
		3B00F90D2F47A7A800A910EB /* SafariWebExtensionHandler.swift */ = {isa = PBXFileReference; lastKnownFileType = sourcecode.swift; path = SafariWebExtensionHandler.swift; sourceTree = "<group>"; };
		3B00F90F2F47A7A800A910EB /* Info.plist */ = {isa = PBXFileReference; lastKnownFileType = text.plist.xml; path = Info.plist; sourceTree = "<group>"; };
		3B00F91A2F47A7A900A910EB /* popup.html */ = {isa = PBXFileReference; lastKnownFileType = text.html; name = popup.html; path = Resources/popup.html; sourceTree = "<group>"; };
		3B00F91B2F47A7A900A910EB /* manifest.json */ = {isa = PBXFileReference; lastKnownFileType = text.json; name = manifest.json; path = Resources/manifest.json; sourceTree = "<group>"; };
		3B00F91C2F47A7A900A910EB /* content.js */ = {isa = PBXFileReference; lastKnownFileType = sourcecode.javascript; name = content.js; path = Resources/content.js; sourceTree = "<group>"; };
		3B00F91D2F47A7A900A910EB /* data */ = {isa = PBXFileReference; lastKnownFileType = folder; name = data; path = Resources/data; sourceTree = "<group>"; };
/* End PBXFileReference section */

/* Begin PBXFrameworksBuildPhase section */
		3B00F8EA2F47A7A700A910EB /* Frameworks */ = {
			isa = PBXFrameworksBuildPhase;
			buildActionMask = 2147483647;
			files = (
			);
			runOnlyForDeploymentPostprocessing = 0;
		};
		3B00F9052F47A7A800A910EB /* Frameworks */ = {
			isa = PBXFrameworksBuildPhase;
			buildActionMask = 2147483647;
			files = (
			);
			runOnlyForDeploymentPostprocessing = 0;
		};
/* End PBXFrameworksBuildPhase section */

/* Begin PBXGroup section */
		3B00F8E42F47A7A700A910EB = {
			isa = PBXGroup;
			children = (
				3B00F8EF2F47A7A700A910EB /* Epstein Records Indicator Safari */,
				3B00F90C2F47A7A800A910EB /* Epstein Records Indicator Safari Extension */,
				3B00F8EE2F47A7A700A910EB /* Products */,
			);
			sourceTree = "<group>";
		};
		3B00F8EE2F47A7A700A910EB /* Products */ = {
			isa = PBXGroup;
			children = (
				3B00F8ED2F47A7A700A910EB /* Epstein Records Indicator Safari.app */,
				3B00F9082F47A7A800A910EB /* Epstein Records Indicator Safari Extension.appex */,
			);
			name = Products;
			sourceTree = "<group>";
		};
		3B00F8EF2F47A7A700A910EB /* Epstein Records Indicator Safari */ = {
			isa = PBXGroup;
			children = (
				3B00F8F02F47A7A700A910EB /* AppDelegate.swift */,
				3B00F8FC2F47A7A700A910EB /* ViewController.swift */,
				3B00F8FE2F47A7A700A910EB /* Main.storyboard */,
				3B00F9012F47A7A800A910EB /* Assets.xcassets */,
				3B00F9032F47A7A800A910EB /* Info.plist */,
				3B00F8F22F47A7A700A910EB /* Resources */,
			);
			path = "Epstein Records Indicator Safari";
			sourceTree = "<group>";
		};
		3B00F8F22F47A7A700A910EB /* Resources */ = {
			isa = PBXGroup;
			children = (
				3B00F8F32F47A7A700A910EB /* Main.html */,
				3B00F8F62F47A7A700A910EB /* Icon.png */,
				3B00F8F82F47A7A700A910EB /* Style.css */,
				3B00F8FA2F47A7A700A910EB /* Script.js */,
			);
			path = Resources;
			sourceTree = "<group>";
		};
		3B00F90C2F47A7A800A910EB /* Epstein Records Indicator Safari Extension */ = {
			isa = PBXGroup;
			children = (
				3B00F9192F47A7A900A910EB /* Resources */,
				3B00F90D2F47A7A800A910EB /* SafariWebExtensionHandler.swift */,
				3B00F90F2F47A7A800A910EB /* Info.plist */,
			);
			path = "Epstein Records Indicator Safari Extension";
			sourceTree = "<group>";
		};
		3B00F9192F47A7A900A910EB /* Resources */ = {
			isa = PBXGroup;
			children = (
				3B00F91A2F47A7A900A910EB /* popup.html */,
				3B00F91B2F47A7A900A910EB /* manifest.json */,
				3B00F91C2F47A7A900A910EB /* content.js */,
				3B00F91D2F47A7A900A910EB /* data */,
			);
			name = Resources;
			path = "Epstein Records Indicator Safari Extension";
			sourceTree = SOURCE_ROOT;
		};
/* End PBXGroup section */

/* Begin PBXNativeTarget section */
		3B00F8EC2F47A7A700A910EB /* Epstein Records Indicator Safari */ = {
			isa = PBXNativeTarget;
			buildConfigurationList = 3B00F9162F47A7A800A910EB /* Build configuration list for PBXNativeTarget "Epstein Records Indicator Safari" */;
			buildPhases = (
				3B00F8E92F47A7A700A910EB /* Sources */,
				3B00F8EA2F47A7A700A910EB /* Frameworks */,
				3B00F8EB2F47A7A700A910EB /* Resources */,
				3B00F9152F47A7A800A910EB /* Embed Foundation Extensions */,
			);
			buildRules = (
			);
			dependencies = (
				3B00F90B2F47A7A800A910EB /* PBXTargetDependency */,
			);
			name = "Epstein Records Indicator Safari";
			packageProductDependencies = (
			);
			productName = "Epstein Records Indicator Safari";
			productReference = 3B00F8ED2F47A7A700A910EB /* Epstein Records Indicator Safari.app */;
			productType = "com.apple.product-type.application";
		};
		3B00F9072F47A7A800A910EB /* Epstein Records Indicator Safari Extension */ = {
			isa = PBXNativeTarget;
			buildConfigurationList = 3B00F9122F47A7A800A910EB /* Build configuration list for PBXNativeTarget "Epstein Records Indicator Safari Extension" */;
			buildPhases = (
				3B00F9042F47A7A800A910EB /* Sources */,
				3B00F9052F47A7A800A910EB /* Frameworks */,
				3B00F9062F47A7A800A910EB /* Resources */,
			);
			buildRules = (
			);
			dependencies = (
			);
			name = "Epstein Records Indicator Safari Extension";
			packageProductDependencies = (
			);
			productName = "Epstein Records Indicator Safari Extension";
			productReference = 3B00F9082F47A7A800A910EB /* Epstein Records Indicator Safari Extension.appex */;
			productType = "com.apple.product-type.app-extension";
		};
/* End PBXNativeTarget section */

/* Begin PBXProject section */
		3B00F8E52F47A7A700A910EB /* Project object */ = {
			isa = PBXProject;
			attributes = {
				BuildIndependentTargetsInParallel = 1;
				LastSwiftUpdateCheck = 2620;
				LastUpgradeCheck = 2620;
				TargetAttributes = {
					3B00F8EC2F47A7A700A910EB = {
						CreatedOnToolsVersion = 26.2;
					};
					3B00F9072F47A7A800A910EB = {
						CreatedOnToolsVersion = 26.2;
					};
				};
			};
			buildConfigurationList = 3B00F8E82F47A7A700A910EB /* Build configuration list for PBXProject "Epstein Records Indicator Safari" */;
			developmentRegion = en;
			hasScannedForEncodings = 0;
			knownRegions = (
				en,
				Base,
			);
			mainGroup = 3B00F8E42F47A7A700A910EB;
			minimizedProjectReferenceProxies = 1;
			preferredProjectObjectVersion = 77;
			productRefGroup = 3B00F8EE2F47A7A700A910EB /* Products */;
			projectDirPath = "";
			projectRoot = "";
			targets = (
				3B00F8EC2F47A7A700A910EB /* Epstein Records Indicator Safari */,
				3B00F9072F47A7A800A910EB /* Epstein Records Indicator Safari Extension */,
			);
		};
/* End PBXProject section */

/* Begin PBXResourcesBuildPhase section */
		3B00F8EB2F47A7A700A910EB /* Resources */ = {
			isa = PBXResourcesBuildPhase;
			buildActionMask = 2147483647;
			files = (
				3B00F8F72F47A7A700A910EB /* Icon.png in Resources */,
				3B00F9002F47A7A700A910EB /* Main.storyboard in Resources */,
				3B00F8FB2F47A7A700A910EB /* Script.js in Resources */,
				3B00F8F52F47A7A700A910EB /* Main.html in Resources */,
				3B00F9022F47A7A800A910EB /* Assets.xcassets in Resources */,
				3B00F8F92F47A7A700A910EB /* Style.css in Resources */,
			);
			runOnlyForDeploymentPostprocessing = 0;
		};
		3B00F9062F47A7A800A910EB /* Resources */ = {
			isa = PBXResourcesBuildPhase;
			buildActionMask = 2147483647;
			files = (
				3B00F9202F47A7A900A910EB /* content.js in Resources */,
				3B00F91F2F47A7A900A910EB /* manifest.json in Resources */,
				3B00F9212F47A7A900A910EB /* data in Resources */,
				3B00F91E2F47A7A900A910EB /* popup.html in Resources */,
			);
			runOnlyForDeploymentPostprocessing = 0;
		};
/* End PBXResourcesBuildPhase section */

/* Begin PBXSourcesBuildPhase section */
		3B00F8E92F47A7A700A910EB /* Sources */ = {
			isa = PBXSourcesBuildPhase;
			buildActionMask = 2147483647;
			files = (
				3B00F8FD2F47A7A700A910EB /* ViewController.swift in Sources */,
				3B00F8F12F47A7A700A910EB /* AppDelegate.swift in Sources */,
			);
			runOnlyForDeploymentPostprocessing = 0;
		};
		3B00F9042F47A7A800A910EB /* Sources */ = {
			isa = PBXSourcesBuildPhase;
			buildActionMask = 2147483647;
			files = (
				3B00F90E2F47A7A800A910EB /* SafariWebExtensionHandler.swift in Sources */,
			);
			runOnlyForDeploymentPostprocessing = 0;
		};
/* End PBXSourcesBuildPhase section */

/* Begin PBXTargetDependency section */
		3B00F90B2F47A7A800A910EB /* PBXTargetDependency */ = {
			isa = PBXTargetDependency;
			target = 3B00F9072F47A7A800A910EB /* Epstein Records Indicator Safari Extension */;
			targetProxy = 3B00F90A2F47A7A800A910EB /* PBXContainerItemProxy */;
		};
/* End PBXTargetDependency section */

/* Begin PBXVariantGroup section */
		3B00F8F32F47A7A700A910EB /* Main.html */ = {
			isa = PBXVariantGroup;
			children = (
				3B00F8F42F47A7A700A910EB /* Base */,
			);
			name = Main.html;
			sourceTree = "<group>";
		};
		3B00F8FE2F47A7A700A910EB /* Main.storyboard */ = {
			isa = PBXVariantGroup;
			children = (
				3B00F8FF2F47A7A700A910EB /* Base */,
			);
			name = Main.storyboard;
			sourceTree = "<group>";
		};
/* End PBXVariantGroup section */

/* Begin XCBuildConfiguration section */
		3B00F9102F47A7A800A910EB /* Debug */ = {
			isa = XCBuildConfiguration;
			buildSettings = {
				ALWAYS_SEARCH_USER_PATHS = NO;
				ASSETCATALOG_COMPILER_GENERATE_SWIFT_ASSET_SYMBOL_EXTENSIONS = YES;
				CLANG_ANALYZER_NONNULL = YES;
				CLANG_ANALYZER_NUMBER_OBJECT_CONVERSION = YES_AGGRESSIVE;
				CLANG_CXX_LANGUAGE_STANDARD = "gnu++20";
				CLANG_ENABLE_MODULES = YES;
				CLANG_ENABLE_OBJC_ARC = YES;
				CLANG_ENABLE_OBJC_WEAK = YES;
				CLANG_WARN_BLOCK_CAPTURE_AUTORELEASING = YES;
				CLANG_WARN_BOOL_CONVERSION = YES;
				CLANG_WARN_COMMA = YES;
				CLANG_WARN_CONSTANT_CONVERSION = YES;
				CLANG_WARN_DEPRECATED_OBJC_IMPLEMENTATIONS = YES;
				CLANG_WARN_DIRECT_OBJC_ISA_USAGE = YES_ERROR;
				CLANG_WARN_DOCUMENTATION_COMMENTS = YES;
				CLANG_WARN_EMPTY_BODY = YES;
				CLANG_WARN_ENUM_CONVERSION = YES;
				CLANG_WARN_INFINITE_RECURSION = YES;
				CLANG_WARN_INT_CONVERSION = YES;
				CLANG_WARN_NON_LITERAL_NULL_CONVERSION = YES;
				CLANG_WARN_OBJC_IMPLICIT_RETAIN_SELF = YES;
				CLANG_WARN_OBJC_LITERAL_CONVERSION = YES;
				CLANG_WARN_OBJC_ROOT_CLASS = YES_ERROR;
				CLANG_WARN_QUOTED_INCLUDE_IN_FRAMEWORK_HEADER = YES;
				CLANG_WARN_RANGE_LOOP_ANALYSIS = YES;
				CLANG_WARN_STRICT_PROTOTYPES = YES;
				CLANG_WARN_SUSPICIOUS_MOVE = YES;
				CLANG_WARN_UNGUARDED_AVAILABILITY = YES_AGGRESSIVE;
				CLANG_WARN_UNREACHABLE_CODE = YES;
				CLANG_WARN__DUPLICATE_METHOD_MATCH = YES;
				COPY_PHASE_STRIP = NO;
				DEBUG_INFORMATION_FORMAT = dwarf;
				ENABLE_STRICT_OBJC_MSGSEND = YES;
				ENABLE_TESTABILITY = YES;
				ENABLE_USER_SCRIPT_SANDBOXING = YES;
				GCC_C_LANGUAGE_STANDARD = gnu17;
				GCC_DYNAMIC_NO_PIC = NO;
				GCC_NO_COMMON_BLOCKS = YES;
				GCC_OPTIMIZATION_LEVEL = 0;
				GCC_PREPROCESSOR_DEFINITIONS = (
					"DEBUG=1",
					"$(inherited)",
				);
				GCC_WARN_64_TO_32_BIT_CONVERSION = YES;
				GCC_WARN_ABOUT_RETURN_TYPE = YES_ERROR;
				GCC_WARN_UNDECLARED_SELECTOR = YES;
				GCC_WARN_UNINITIALIZED_AUTOS = YES_AGGRESSIVE;
				GCC_WARN_UNUSED_FUNCTION = YES;
				GCC_WARN_UNUSED_VARIABLE = YES;
				LOCALIZATION_PREFERS_STRING_CATALOGS = YES;
				MACOSX_DEPLOYMENT_TARGET = 26.2;
				MTL_ENABLE_DEBUG_INFO = INCLUDE_SOURCE;
				MTL_FAST_MATH = YES;
				ONLY_ACTIVE_ARCH = YES;
				SDKROOT = macosx;
				SWIFT_ACTIVE_COMPILATION_CONDITIONS = "DEBUG $(inherited)";
				SWIFT_OPTIMIZATION_LEVEL = "-Onone";
			};
			name = Debug;
		};
		3B00F9112F47A7A800A910EB /* Release */ = {
			isa = XCBuildConfiguration;
			buildSettings = {
				ALWAYS_SEARCH_USER_PATHS = NO;
				ASSETCATALOG_COMPILER_GENERATE_SWIFT_ASSET_SYMBOL_EXTENSIONS = YES;
				CLANG_ANALYZER_NONNULL = YES;
				CLANG_ANALYZER_NUMBER_OBJECT_CONVERSION = YES_AGGRESSIVE;
				CLANG_CXX_LANGUAGE_STANDARD = "gnu++20";
				CLANG_ENABLE_MODULES = YES;
				CLANG_ENABLE_OBJC_ARC = YES;
				CLANG_ENABLE_OBJC_WEAK = YES;
				CLANG_WARN_BLOCK_CAPTURE_AUTORELEASING = YES;
				CLANG_WARN_BOOL_CONVERSION = YES;
				CLANG_WARN_COMMA = YES;
				CLANG_WARN_CONSTANT_CONVERSION = YES;
				CLANG_WARN_DEPRECATED_OBJC_IMPLEMENTATIONS = YES;
				CLANG_WARN_DIRECT_OBJC_ISA_USAGE = YES_ERROR;
				CLANG_WARN_DOCUMENTATION_COMMENTS = YES;
				CLANG_WARN_EMPTY_BODY = YES;
				CLANG_WARN_ENUM_CONVERSION = YES;
				CLANG_WARN_INFINITE_RECURSION = YES;
				CLANG_WARN_INT_CONVERSION = YES;
				CLANG_WARN_NON_LITERAL_NULL_CONVERSION = YES;
				CLANG_WARN_OBJC_IMPLICIT_RETAIN_SELF = YES;
				CLANG_WARN_OBJC_LITERAL_CONVERSION = YES;
				CLANG_WARN_OBJC_ROOT_CLASS = YES_ERROR;
				CLANG_WARN_QUOTED_INCLUDE_IN_FRAMEWORK_HEADER = YES;
				CLANG_WARN_RANGE_LOOP_ANALYSIS = YES;
				CLANG_WARN_STRICT_PROTOTYPES = YES;
				CLANG_WARN_SUSPICIOUS_MOVE = YES;
				CLANG_WARN_UNGUARDED_AVAILABILITY = YES_AGGRESSIVE;
				CLANG_WARN_UNREACHABLE_CODE = YES;
				CLANG_WARN__DUPLICATE_METHOD_MATCH = YES;
				COPY_PHASE_STRIP = NO;
				DEBUG_INFORMATION_FORMAT = "dwarf-with-dsym";
				ENABLE_NS_ASSERTIONS = NO;
				ENABLE_STRICT_OBJC_MSGSEND = YES;
				ENABLE_USER_SCRIPT_SANDBOXING = YES;
				GCC_C_LANGUAGE_STANDARD = gnu17;
				GCC_NO_COMMON_BLOCKS = YES;
				GCC_WARN_64_TO_32_BIT_CONVERSION = YES;
				GCC_WARN_ABOUT_RETURN_TYPE = YES_ERROR;
				GCC_WARN_UNDECLARED_SELECTOR = YES;
				GCC_WARN_UNINITIALIZED_AUTOS = YES_AGGRESSIVE;
				GCC_WARN_UNUSED_FUNCTION = YES;
				GCC_WARN_UNUSED_VARIABLE = YES;
				LOCALIZATION_PREFERS_STRING_CATALOGS = YES;
				MACOSX_DEPLOYMENT_TARGET = 26.2;
				MTL_ENABLE_DEBUG_INFO = NO;
				MTL_FAST_MATH = YES;
				SDKROOT = macosx;
				SWIFT_COMPILATION_MODE = wholemodule;
			};
			name = Release;
		};
		3B00F9132F47A7A800A910EB /* Debug */ = {
			isa = XCBuildConfiguration;
			buildSettings = {
				CODE_SIGN_IDENTITY = "Apple Development";
				CODE_SIGN_STYLE = Automatic;
				CURRENT_PROJECT_VERSION = 1;
				DEVELOPMENT_TEAM = 98FX824RUH;
				ENABLE_APP_SANDBOX = YES;
				ENABLE_HARDENED_RUNTIME = YES;
				ENABLE_USER_SELECTED_FILES = readonly;
				GENERATE_INFOPLIST_FILE = YES;
				INFOPLIST_FILE = "Epstein Records Indicator Safari Extension/Info.plist";
				INFOPLIST_KEY_CFBundleDisplayName = "Epstein Records Indicator Safari Extension";
				INFOPLIST_KEY_NSHumanReadableCopyright = "";
				LD_RUNPATH_SEARCH_PATHS = (
					"$(inherited)",
					"@executable_path/../Frameworks",
					"@executable_path/../../../../Frameworks",
				);
				MACOSX_DEPLOYMENT_TARGET = 10.14;
				MARKETING_VERSION = 1.0;
				OTHER_LDFLAGS = (
					"-framework",
					SafariServices,
				);
				PRODUCT_BUNDLE_IDENTIFIER = com.glennsorrentino.epsteinrecordsindicator.extension;
				PRODUCT_NAME = "$(TARGET_NAME)";
				SKIP_INSTALL = YES;
				STRING_CATALOG_GENERATE_SYMBOLS = YES;
				SWIFT_APPROACHABLE_CONCURRENCY = YES;
				SWIFT_EMIT_LOC_STRINGS = YES;
				SWIFT_UPCOMING_FEATURE_MEMBER_IMPORT_VISIBILITY = YES;
				SWIFT_VERSION = 5.0;
			};
			name = Debug;
		};
		3B00F9142F47A7A800A910EB /* Release */ = {
			isa = XCBuildConfiguration;
			buildSettings = {
				CODE_SIGN_IDENTITY = "Apple Development";
				CODE_SIGN_STYLE = Automatic;
				CURRENT_PROJECT_VERSION = 1;
				DEVELOPMENT_TEAM = 98FX824RUH;
				ENABLE_APP_SANDBOX = YES;
				ENABLE_HARDENED_RUNTIME = YES;
				ENABLE_USER_SELECTED_FILES = readonly;
				GENERATE_INFOPLIST_FILE = YES;
				INFOPLIST_FILE = "Epstein Records Indicator Safari Extension/Info.plist";
				INFOPLIST_KEY_CFBundleDisplayName = "Epstein Records Indicator Safari Extension";
				INFOPLIST_KEY_NSHumanReadableCopyright = "";
				LD_RUNPATH_SEARCH_PATHS = (
					"$(inherited)",
					"@executable_path/../Frameworks",
					"@executable_path/../../../../Frameworks",
				);
				MACOSX_DEPLOYMENT_TARGET = 10.14;
				MARKETING_VERSION = 1.0;
				OTHER_LDFLAGS = (
					"-framework",
					SafariServices,
				);
				PRODUCT_BUNDLE_IDENTIFIER = com.glennsorrentino.epsteinrecordsindicator.extension;
				PRODUCT_NAME = "$(TARGET_NAME)";
				SKIP_INSTALL = YES;
				STRING_CATALOG_GENERATE_SYMBOLS = YES;
				SWIFT_APPROACHABLE_CONCURRENCY = YES;
				SWIFT_EMIT_LOC_STRINGS = YES;
				SWIFT_UPCOMING_FEATURE_MEMBER_IMPORT_VISIBILITY = YES;
				SWIFT_VERSION = 5.0;
			};
			name = Release;
		};
		3B00F9172F47A7A800A910EB /* Debug */ = {
			isa = XCBuildConfiguration;
			buildSettings = {
				ASSETCATALOG_COMPILER_APPICON_NAME = AppIcon;
				ASSETCATALOG_COMPILER_GLOBAL_ACCENT_COLOR_NAME = AccentColor;
				CODE_SIGN_IDENTITY = "Apple Development";
				CODE_SIGN_STYLE = Automatic;
				COMBINE_HIDPI_IMAGES = YES;
				CURRENT_PROJECT_VERSION = 1;
				DEVELOPMENT_TEAM = 98FX824RUH;
				ENABLE_APP_SANDBOX = YES;
				ENABLE_HARDENED_RUNTIME = YES;
				ENABLE_OUTGOING_NETWORK_CONNECTIONS = YES;
				ENABLE_USER_SELECTED_FILES = readonly;
				GENERATE_INFOPLIST_FILE = YES;
				INFOPLIST_FILE = "Epstein Records Indicator Safari/Info.plist";
				INFOPLIST_KEY_CFBundleDisplayName = "Epstein Records Indicator Safari";
				INFOPLIST_KEY_NSHumanReadableCopyright = "";
				INFOPLIST_KEY_NSMainStoryboardFile = Main;
				INFOPLIST_KEY_NSPrincipalClass = NSApplication;
				LD_RUNPATH_SEARCH_PATHS = (
					"$(inherited)",
					"@executable_path/../Frameworks",
				);
				MARKETING_VERSION = 1.0;
				OTHER_LDFLAGS = (
					"-framework",
					SafariServices,
					"-framework",
					WebKit,
				);
				PRODUCT_BUNDLE_IDENTIFIER = com.glennsorrentino.epsteinrecordsindicator;
				PRODUCT_NAME = "$(TARGET_NAME)";
				REGISTER_APP_GROUPS = YES;
				STRING_CATALOG_GENERATE_SYMBOLS = YES;
				SWIFT_APPROACHABLE_CONCURRENCY = YES;
				SWIFT_DEFAULT_ACTOR_ISOLATION = MainActor;
				SWIFT_EMIT_LOC_STRINGS = YES;
				SWIFT_UPCOMING_FEATURE_MEMBER_IMPORT_VISIBILITY = YES;
				SWIFT_VERSION = 5.0;
			};
			name = Debug;
		};
		3B00F9182F47A7A800A910EB /* Release */ = {
			isa = XCBuildConfiguration;
			buildSettings = {
				ASSETCATALOG_COMPILER_APPICON_NAME = AppIcon;
				ASSETCATALOG_COMPILER_GLOBAL_ACCENT_COLOR_NAME = AccentColor;
				CODE_SIGN_IDENTITY = "Apple Development";
				CODE_SIGN_STYLE = Automatic;
				COMBINE_HIDPI_IMAGES = YES;
				CURRENT_PROJECT_VERSION = 1;
				DEVELOPMENT_TEAM = 98FX824RUH;
				ENABLE_APP_SANDBOX = YES;
				ENABLE_HARDENED_RUNTIME = YES;
				ENABLE_OUTGOING_NETWORK_CONNECTIONS = YES;
				ENABLE_USER_SELECTED_FILES = readonly;
				GENERATE_INFOPLIST_FILE = YES;
				INFOPLIST_FILE = "Epstein Records Indicator Safari/Info.plist";
				INFOPLIST_KEY_CFBundleDisplayName = "Epstein Records Indicator Safari";
				INFOPLIST_KEY_NSHumanReadableCopyright = "";
				INFOPLIST_KEY_NSMainStoryboardFile = Main;
				INFOPLIST_KEY_NSPrincipalClass = NSApplication;
				LD_RUNPATH_SEARCH_PATHS = (
					"$(inherited)",
					"@executable_path/../Frameworks",
				);
				MARKETING_VERSION = 1.0;
				OTHER_LDFLAGS = (
					"-framework",
					SafariServices,
					"-framework",
					WebKit,
				);
				PRODUCT_BUNDLE_IDENTIFIER = com.glennsorrentino.epsteinrecordsindicator;
				PRODUCT_NAME = "$(TARGET_NAME)";
				REGISTER_APP_GROUPS = YES;
				STRING_CATALOG_GENERATE_SYMBOLS = YES;
				SWIFT_APPROACHABLE_CONCURRENCY = YES;
				SWIFT_DEFAULT_ACTOR_ISOLATION = MainActor;
				SWIFT_EMIT_LOC_STRINGS = YES;
				SWIFT_UPCOMING_FEATURE_MEMBER_IMPORT_VISIBILITY = YES;
				SWIFT_VERSION = 5.0;
			};
			name = Release;
		};
/* End XCBuildConfiguration section */

/* Begin XCConfigurationList section */
		3B00F8E82F47A7A700A910EB /* Build configuration list for PBXProject "Epstein Records Indicator Safari" */ = {
			isa = XCConfigurationList;
			buildConfigurations = (
				3B00F9102F47A7A800A910EB /* Debug */,
				3B00F9112F47A7A800A910EB /* Release */,
			);
			defaultConfigurationIsVisible = 0;
			defaultConfigurationName = Release;
		};
		3B00F9122F47A7A800A910EB /* Build configuration list for PBXNativeTarget "Epstein Records Indicator Safari Extension" */ = {
			isa = XCConfigurationList;
			buildConfigurations = (
				3B00F9132F47A7A800A910EB /* Debug */,
				3B00F9142F47A7A800A910EB /* Release */,
			);
			defaultConfigurationIsVisible = 0;
			defaultConfigurationName = Release;
		};
		3B00F9162F47A7A800A910EB /* Build configuration list for PBXNativeTarget "Epstein Records Indicator Safari" */ = {
			isa = XCConfigurationList;
			buildConfigurations = (
				3B00F9172F47A7A800A910EB /* Debug */,
				3B00F9182F47A7A800A910EB /* Release */,
			);
			defaultConfigurationIsVisible = 0;
			defaultConfigurationName = Release;
		};
/* End XCConfigurationList section */
	};
	rootObject = 3B00F8E52F47A7A700A910EB /* Project object */;
}
